
Microsoft Visual Studio Solution File, Format Version 11.00
# Visual Studio 2010 for Windows Desktop
Project("{FAE04EC0-301F-11D3-BF4B-00C04F79EFBC}") = "GUI", "..\GUI\GUI.csproj", "{7F4CB9EC-00A0-4191-97B9-BABA7B18810B}"
EndProject
Project("{FAE04EC0-301F-11D3-BF4B-00C04F79EFBC}") = "Demo", "..\Demo\Demo.csproj", "{B4436616-28A2-4B98-9C39-3DA4AC95537E}"
EndProject
Project("{FAE04EC0-301F-11D3-BF4B-00C04F79EFBC}") = "DataHandler", "..\DataHandler\DataHandler.csproj", "{F8595926-2A07-4782-B6F0-B0C087876D24}"
EndProject
Project("{2150E333-8FDC-42A3-9474-1A3956D46DE8}") = "Solution Items", "Solution Items", "{12271E20-0B98-4FC8-BC06-4C254EC80CBC}"
	ProjectSection(SolutionItems) = preProject
		Local.testsettings = Local.testsettings
		MyScreen.vsmdi = MyScreen.vsmdi
		TraceAndTestImpact.testsettings = TraceAndTestImpact.testsettings
	EndProjectSection
EndProject
Project("{FAE04EC0-301F-11D3-BF4B-00C04F79EFBC}") = "TestProject2", "TestProject2\TestProject2.csproj", "{62A3E0A9-E59B-4940-BB7E-7AFA9C548E27}"
EndProject
Project("{FAE04EC0-301F-11D3-BF4B-00C04F79EFBC}") = "ImageProcessing", "..\..\ImageProcessing\ImageProcessing\ImageProcessing.csproj", "{CAE08220-8260-466F-9C63-8ABBFA627DDB}"
EndProject
Project("{FAE04EC0-301F-11D3-BF4B-00C04F79EFBC}") = "loginHandler", "..\loginHandler\loginHandler.csproj", "{24115FAC-7BB2-4A70-B66E-7F9F2E013F76}"
EndProject
Global
	GlobalSection(TestCaseManagementSettings) = postSolution
		CategoryFile = MyScreen.vsmdi
	EndGlobalSection
	GlobalSection(SolutionConfigurationPlatforms) = preSolution
		Debug|Any CPU = Debug|Any CPU
		Debug|Mixed Platforms = Debug|Mixed Platforms
		Debug|x86 = Debug|x86
		Release|Any CPU = Release|Any CPU
		Release|Mixed Platforms = Release|Mixed Platforms
		Release|x86 = Release|x86
		Release-Plus|Any CPU = Release-Plus|Any CPU
		Release-Plus|Mixed Platforms = Release-Plus|Mixed Platforms
		Release-Plus|x86 = Release-Plus|x86
	EndGlobalSection
	GlobalSection(ProjectConfigurationPlatforms) = postSolution
		{7F4CB9EC-00A0-4191-97B9-BABA7B18810B}.Debug|Any CPU.ActiveCfg = Debug|x86
		{7F4CB9EC-00A0-4191-97B9-BABA7B18810B}.Debug|Mixed Platforms.ActiveCfg = Debug|x86
		{7F4CB9EC-00A0-4191-97B9-BABA7B18810B}.Debug|Mixed Platforms.Build.0 = Debug|x86
		{7F4CB9EC-00A0-4191-97B9-BABA7B18810B}.Debug|x86.ActiveCfg = Debug|x86
		{7F4CB9EC-00A0-4191-97B9-BABA7B18810B}.Debug|x86.Build.0 = Debug|x86
		{7F4CB9EC-00A0-4191-97B9-BABA7B18810B}.Release|Any CPU.ActiveCfg = Release|x86
		{7F4CB9EC-00A0-4191-97B9-BABA7B18810B}.Release|Mixed Platforms.ActiveCfg = Release|x86
		{7F4CB9EC-00A0-4191-97B9-BABA7B18810B}.Release|Mixed Platforms.Build.0 = Release|x86
		{7F4CB9EC-00A0-4191-97B9-BABA7B18810B}.Release|x86.ActiveCfg = Release|x86
		{7F4CB9EC-00A0-4191-97B9-BABA7B18810B}.Release|x86.Build.0 = Release|x86
		{7F4CB9EC-00A0-4191-97B9-BABA7B18810B}.Release-Plus|Any CPU.ActiveCfg = Release|x86
		{7F4CB9EC-00A0-4191-97B9-BABA7B18810B}.Release-Plus|Mixed Platforms.ActiveCfg = Release|x86
		{7F4CB9EC-00A0-4191-97B9-BABA7B18810B}.Release-Plus|Mixed Platforms.Build.0 = Release|x86
		{7F4CB9EC-00A0-4191-97B9-BABA7B18810B}.Release-Plus|x86.ActiveCfg = Release|x86
		{7F4CB9EC-00A0-4191-97B9-BABA7B18810B}.Release-Plus|x86.Build.0 = Release|x86
		{B4436616-28A2-4B98-9C39-3DA4AC95537E}.Debug|Any CPU.ActiveCfg = Debug|Any CPU
		{B4436616-28A2-4B98-9C39-3DA4AC95537E}.Debug|Any CPU.Build.0 = Debug|Any CPU
		{B4436616-28A2-4B98-9C39-3DA4AC95537E}.Debug|Mixed Platforms.ActiveCfg = Debug|Any CPU
		{B4436616-28A2-4B98-9C39-3DA4AC95537E}.Debug|Mixed Platforms.Build.0 = Debug|Any CPU
		{B4436616-28A2-4B98-9C39-3DA4AC95537E}.Debug|x86.ActiveCfg = Debug|Any CPU
		{B4436616-28A2-4B98-9C39-3DA4AC95537E}.Release|Any CPU.ActiveCfg = Release|Any CPU
		{B4436616-28A2-4B98-9C39-3DA4AC95537E}.Release|Any CPU.Build.0 = Release|Any CPU
		{B4436616-28A2-4B98-9C39-3DA4AC95537E}.Release|Mixed Platforms.ActiveCfg = Release|Any CPU
		{B4436616-28A2-4B98-9C39-3DA4AC95537E}.Release|Mixed Platforms.Build.0 = Release|Any CPU
		{B4436616-28A2-4B98-9C39-3DA4AC95537E}.Release|x86.ActiveCfg = Release|Any CPU
		{B4436616-28A2-4B98-9C39-3DA4AC95537E}.Release-Plus|Any CPU.ActiveCfg = Release-Plus|Any CPU
		{B4436616-28A2-4B98-9C39-3DA4AC95537E}.Release-Plus|Any CPU.Build.0 = Release-Plus|Any CPU
		{B4436616-28A2-4B98-9C39-3DA4AC95537E}.Release-Plus|Mixed Platforms.ActiveCfg = Release-Plus|Any CPU
		{B4436616-28A2-4B98-9C39-3DA4AC95537E}.Release-Plus|Mixed Platforms.Build.0 = Release-Plus|Any CPU
		{B4436616-28A2-4B98-9C39-3DA4AC95537E}.Release-Plus|x86.ActiveCfg = Release-Plus|Any CPU
		{F8595926-2A07-4782-B6F0-B0C087876D24}.Debug|Any CPU.ActiveCfg = Debug|Any CPU
		{F8595926-2A07-4782-B6F0-B0C087876D24}.Debug|Any CPU.Build.0 = Debug|Any CPU
		{F8595926-2A07-4782-B6F0-B0C087876D24}.Debug|Mixed Platforms.ActiveCfg = Debug|Any CPU
		{F8595926-2A07-4782-B6F0-B0C087876D24}.Debug|Mixed Platforms.Build.0 = Debug|Any CPU
		{F8595926-2A07-4782-B6F0-B0C087876D24}.Debug|x86.ActiveCfg = Debug|Any CPU
		{F8595926-2A07-4782-B6F0-B0C087876D24}.Release|Any CPU.ActiveCfg = Release|Any CPU
		{F8595926-2A07-4782-B6F0-B0C087876D24}.Release|Any CPU.Build.0 = Release|Any CPU
		{F8595926-2A07-4782-B6F0-B0C087876D24}.Release|Mixed Platforms.ActiveCfg = Release|Any CPU
		{F8595926-2A07-4782-B6F0-B0C087876D24}.Release|Mixed Platforms.Build.0 = Release|Any CPU
		{F8595926-2A07-4782-B6F0-B0C087876D24}.Release|x86.ActiveCfg = Release|Any CPU
		{F8595926-2A07-4782-B6F0-B0C087876D24}.Release-Plus|Any CPU.ActiveCfg = Release|Any CPU
		{F8595926-2A07-4782-B6F0-B0C087876D24}.Release-Plus|Any CPU.Build.0 = Release|Any CPU
		{F8595926-2A07-4782-B6F0-B0C087876D24}.Release-Plus|Mixed Platforms.ActiveCfg = Release|Any CPU
		{F8595926-2A07-4782-B6F0-B0C087876D24}.Release-Plus|Mixed Platforms.Build.0 = Release|Any CPU
		{F8595926-2A07-4782-B6F0-B0C087876D24}.Release-Plus|x86.ActiveCfg = Release|Any CPU
		{62A3E0A9-E59B-4940-BB7E-7AFA9C548E27}.Debug|Any CPU.ActiveCfg = Debug|Any CPU
		{62A3E0A9-E59B-4940-BB7E-7AFA9C548E27}.Debug|Any CPU.Build.0 = Debug|Any CPU
		{62A3E0A9-E59B-4940-BB7E-7AFA9C548E27}.Debug|Mixed Platforms.ActiveCfg = Debug|Any CPU
		{62A3E0A9-E59B-4940-BB7E-7AFA9C548E27}.Debug|Mixed Platforms.Build.0 = Debug|Any CPU
		{62A3E0A9-E59B-4940-BB7E-7AFA9C548E27}.Debug|x86.ActiveCfg = Debug|Any CPU
		{62A3E0A9-E59B-4940-BB7E-7AFA9C548E27}.Release|Any CPU.ActiveCfg = Release|Any CPU
		{62A3E0A9-E59B-4940-BB7E-7AFA9C548E27}.Release|Any CPU.Build.0 = Release|Any CPU
		{62A3E0A9-E59B-4940-BB7E-7AFA9C548E27}.Release|Mixed Platforms.ActiveCfg = Release|Any CPU
		{62A3E0A9-E59B-4940-BB7E-7AFA9C548E27}.Release|Mixed Platforms.Build.0 = Release|Any CPU
		{62A3E0A9-E59B-4940-BB7E-7AFA9C548E27}.Release|x86.ActiveCfg = Release|Any CPU
		{62A3E0A9-E59B-4940-BB7E-7AFA9C548E27}.Release-Plus|Any CPU.ActiveCfg = Release|Any CPU
		{62A3E0A9-E59B-4940-BB7E-7AFA9C548E27}.Release-Plus|Any CPU.Build.0 = Release|Any CPU
		{62A3E0A9-E59B-4940-BB7E-7AFA9C548E27}.Release-Plus|Mixed Platforms.ActiveCfg = Release|Any CPU
		{62A3E0A9-E59B-4940-BB7E-7AFA9C548E27}.Release-Plus|Mixed Platforms.Build.0 = Release|Any CPU
		{62A3E0A9-E59B-4940-BB7E-7AFA9C548E27}.Release-Plus|x86.ActiveCfg = Release|Any CPU
		{CAE08220-8260-466F-9C63-8ABBFA627DDB}.Debug|Any CPU.ActiveCfg = Debug|x86
		{CAE08220-8260-466F-9C63-8ABBFA627DDB}.Debug|Mixed Platforms.ActiveCfg = Debug|x86
		{CAE08220-8260-466F-9C63-8ABBFA627DDB}.Debug|Mixed Platforms.Build.0 = Debug|x86
		{CAE08220-8260-466F-9C63-8ABBFA627DDB}.Debug|x86.ActiveCfg = Debug|x86
		{CAE08220-8260-466F-9C63-8ABBFA627DDB}.Debug|x86.Build.0 = Debug|x86
		{CAE08220-8260-466F-9C63-8ABBFA627DDB}.Release|Any CPU.ActiveCfg = Release|x86
		{CAE08220-8260-466F-9C63-8ABBFA627DDB}.Release|Mixed Platforms.ActiveCfg = Release|x86
		{CAE08220-8260-466F-9C63-8ABBFA627DDB}.Release|Mixed Platforms.Build.0 = Release|x86
		{CAE08220-8260-466F-9C63-8ABBFA627DDB}.Release|x86.ActiveCfg = Release|x86
		{CAE08220-8260-466F-9C63-8ABBFA627DDB}.Release|x86.Build.0 = Release|x86
		{CAE08220-8260-466F-9C63-8ABBFA627DDB}.Release-Plus|Any CPU.ActiveCfg = Release|x86
		{CAE08220-8260-466F-9C63-8ABBFA627DDB}.Release-Plus|Mixed Platforms.ActiveCfg = Release|x86
		{CAE08220-8260-466F-9C63-8ABBFA627DDB}.Release-Plus|Mixed Platforms.Build.0 = Release|x86
		{CAE08220-8260-466F-9C63-8ABBFA627DDB}.Release-Plus|x86.ActiveCfg = Release|x86
		{CAE08220-8260-466F-9C63-8ABBFA627DDB}.Release-Plus|x86.Build.0 = Release|x86
		{24115FAC-7BB2-4A70-B66E-7F9F2E013F76}.Debug|Any CPU.ActiveCfg = Debug|x86
		{24115FAC-7BB2-4A70-B66E-7F9F2E013F76}.Debug|Mixed Platforms.ActiveCfg = Debug|x86
		{24115FAC-7BB2-4A70-B66E-7F9F2E013F76}.Debug|Mixed Platforms.Build.0 = Debug|x86
		{24115FAC-7BB2-4A70-B66E-7F9F2E013F76}.Debug|x86.ActiveCfg = Debug|x86
		{24115FAC-7BB2-4A70-B66E-7F9F2E013F76}.Debug|x86.Build.0 = Debug|x86
		{24115FAC-7BB2-4A70-B66E-7F9F2E013F76}.Release|Any CPU.ActiveCfg = Release|x86
		{24115FAC-7BB2-4A70-B66E-7F9F2E013F76}.Release|Mixed Platforms.ActiveCfg = Release|x86
		{24115FAC-7BB2-4A70-B66E-7F9F2E013F76}.Release|Mixed Platforms.Build.0 = Release|x86
		{24115FAC-7BB2-4A70-B66E-7F9F2E013F76}.Release|x86.ActiveCfg = Release|x86
		{24115FAC-7BB2-4A70-B66E-7F9F2E013F76}.Release|x86.Build.0 = Release|x86
		{24115FAC-7BB2-4A70-B66E-7F9F2E013F76}.Release-Plus|Any CPU.ActiveCfg = Release|x86
		{24115FAC-7BB2-4A70-B66E-7F9F2E013F76}.Release-Plus|Mixed Platforms.ActiveCfg = Release|x86
		{24115FAC-7BB2-4A70-B66E-7F9F2E013F76}.Release-Plus|Mixed Platforms.Build.0 = Release|x86
		{24115FAC-7BB2-4A70-B66E-7F9F2E013F76}.Release-Plus|x86.ActiveCfg = Release|x86
		{24115FAC-7BB2-4A70-B66E-7F9F2E013F76}.Release-Plus|x86.Build.0 = Release|x86
	EndGlobalSection
	GlobalSection(SolutionProperties) = preSolution
		HideSolutionNode = FALSE
	EndGlobalSection
EndGlobal
